
Microsoft Visual Studio Solution File, Format Version 12.00
# Visual Studio Version 16
VisualStudioVersion = 16.0.29326.143
MinimumVisualStudioVersion = 10.0.40219.1
Project("{2150E333-8FDC-42A3-9474-1A3956D46DE8}") = "src", "src", "{C0D1DBF6-EB64-4A5E-B799-73BB8C69BC94}"
EndProject
Project("{2150E333-8FDC-42A3-9474-1A3956D46DE8}") = "shared", "shared", "{FFF0581E-30FA-49C6-BD9E-997C5A4D8FBF}"
EndProject
Project("{2150E333-8FDC-42A3-9474-1A3956D46DE8}") = "frontend", "frontend", "{8BF1F333-3A25-4605-A5F7-7C2D5BB2A181}"
EndProject
Project("{2150E333-8FDC-42A3-9474-1A3956D46DE8}") = "microservices", "microservices", "{C35101FC-4746-41C8-AA10-5FAD39380B4A}"
EndProject
Project("{2150E333-8FDC-42A3-9474-1A3956D46DE8}") = "People", "People", "{4F5CD923-6F57-4DC0-80A6-CD8C69C823DD}"
EndProject
Project("{2150E333-8FDC-42A3-9474-1A3956D46DE8}") = "Statistics", "Statistics", "{862BB091-E7B4-427E-97B2-D89AE0A7161F}"
EndProject
Project("{2150E333-8FDC-42A3-9474-1A3956D46DE8}") = "FamilyTree", "FamilyTree", "{48D7C362-DEBC-4340-94CA-C07FC088D459}"
EndProject
Project("{9A19103F-16F7-4668-BE54-9A1E7A4F7556}") = "Census.WebApp", "src\frontend\Census.WebApp\Census.WebApp.csproj", "{155AEAB2-E915-4765-BEA1-A8631976B845}"
EndProject
Project("{9A19103F-16F7-4668-BE54-9A1E7A4F7556}") = "Census.FamilyTree.Domain", "src\microservices\FamilyTree\Census.FamilyTree.Domain\Census.FamilyTree.Domain.csproj", "{1DB849C8-901F-4ACD-9F35-CE0AAADF4EA8}"
EndProject
Project("{9A19103F-16F7-4668-BE54-9A1E7A4F7556}") = "Census.Shared", "src\microservices\Shared\Census.Shared\Census.Shared.csproj", "{5E448852-3B4D-406A-A721-362879F030D3}"
EndProject
Project("{9A19103F-16F7-4668-BE54-9A1E7A4F7556}") = "Census.FamilyTree.Infra", "src\microservices\FamilyTree\Census.FamilyTree.Infra\Census.FamilyTree.Infra.csproj", "{7A86DB7C-D769-4F5B-B698-7DF01420BAE9}"
EndProject
Project("{9A19103F-16F7-4668-BE54-9A1E7A4F7556}") = "Census.FamilyTree.Test", "src\microservices\FamilyTree\Census.FamilyTree.Test\Census.FamilyTree.Test.csproj", "{ECD51EB9-F93F-451F-A822-597B02246C5A}"
EndProject
Project("{9A19103F-16F7-4668-BE54-9A1E7A4F7556}") = "Census.People.Domain", "src\microservices\People\Census.People.Domain\Census.People.Domain.csproj", "{B00B2114-D1DD-453A-8C78-72206532B3DD}"
EndProject
Project("{9A19103F-16F7-4668-BE54-9A1E7A4F7556}") = "Census.People.Infra", "src\microservices\People\Census.People.Infra\Census.People.Infra.csproj", "{E5BE1098-F073-4715-8229-2E22B698DC57}"
EndProject
Project("{9A19103F-16F7-4668-BE54-9A1E7A4F7556}") = "Census.People.Test", "src\microservices\People\Census.People.Test\Census.People.Test.csproj", "{8F89BE81-C1DB-4600-A6D1-C9706F665305}"
EndProject
Project("{9A19103F-16F7-4668-BE54-9A1E7A4F7556}") = "Census.Statistics.Domain", "src\microservices\Statistics\Census.Statistics.Domain\Census.Statistics.Domain.csproj", "{3822C68C-4204-478C-9362-A6A6D7E8E01A}"
EndProject
Project("{9A19103F-16F7-4668-BE54-9A1E7A4F7556}") = "Census.Statistics.Infra", "src\microservices\Statistics\Census.Statistics.Infra\Census.Statistics.Infra.csproj", "{1CC53AA3-03FD-47F8-B41F-1EA7BD530AF8}"
EndProject
Project("{9A19103F-16F7-4668-BE54-9A1E7A4F7556}") = "Census.Statistics.Test", "src\microservices\Statistics\Census.Statistics.Test\Census.Statistics.Test.csproj", "{54B08E8F-2529-4538-98E9-787E7CF56DDC}"
EndProject
Project("{9A19103F-16F7-4668-BE54-9A1E7A4F7556}") = "Census.People.Application", "src\microservices\People\Census.People.Application\Census.People.Application.csproj", "{337EE9C6-E9C3-4B4C-8351-9F307B7E076F}"
EndProject
Project("{9A19103F-16F7-4668-BE54-9A1E7A4F7556}") = "Census.Statistics.Api", "src\microservices\Statistics\Census.Statistics.Api\Census.Statistics.Api.csproj", "{A6C5B4CA-6F5B-402F-AE43-2716DDD62844}"
EndProject
Project("{9A19103F-16F7-4668-BE54-9A1E7A4F7556}") = "Census.Statistics.Application", "src\microservices\Statistics\Census.Statistics.Application\Census.Statistics.Application.csproj", "{1D9EA1CD-2A0E-4F98-A56B-F81750AD80EE}"
EndProject
Project("{9A19103F-16F7-4668-BE54-9A1E7A4F7556}") = "Census.People.Api", "src\microservices\People\Census.People.Api\Census.People.Api.csproj", "{22E70E3D-9FC1-4BB4-8D3B-2B4E3F4B8CD7}"
EndProject
Project("{9A19103F-16F7-4668-BE54-9A1E7A4F7556}") = "Census.FamilyTree.Application", "src\microservices\FamilyTree\Census.FamilyTree.Application\Census.FamilyTree.Application.csproj", "{26E53FFD-5060-4305-AD1F-DD6D2DF40FAC}"
EndProject
Project("{9A19103F-16F7-4668-BE54-9A1E7A4F7556}") = "Census.FamilyTree.Api", "src\microservices\FamilyTree\Census.FamilyTree.Api\Census.FamilyTree.Api.csproj", "{4E6C8A0D-5B49-4EDF-9888-A6E1B2587423}"
EndProject
Global
	GlobalSection(SolutionConfigurationPlatforms) = preSolution
		Debug|Any CPU = Debug|Any CPU
		Release|Any CPU = Release|Any CPU
	EndGlobalSection
	GlobalSection(ProjectConfigurationPlatforms) = postSolution
		{155AEAB2-E915-4765-BEA1-A8631976B845}.Debug|Any CPU.ActiveCfg = Debug|Any CPU
		{155AEAB2-E915-4765-BEA1-A8631976B845}.Debug|Any CPU.Build.0 = Debug|Any CPU
		{155AEAB2-E915-4765-BEA1-A8631976B845}.Release|Any CPU.ActiveCfg = Release|Any CPU
		{155AEAB2-E915-4765-BEA1-A8631976B845}.Release|Any CPU.Build.0 = Release|Any CPU
		{1DB849C8-901F-4ACD-9F35-CE0AAADF4EA8}.Debug|Any CPU.ActiveCfg = Debug|Any CPU
		{1DB849C8-901F-4ACD-9F35-CE0AAADF4EA8}.Debug|Any CPU.Build.0 = Debug|Any CPU
		{1DB849C8-901F-4ACD-9F35-CE0AAADF4EA8}.Release|Any CPU.ActiveCfg = Release|Any CPU
		{1DB849C8-901F-4ACD-9F35-CE0AAADF4EA8}.Release|Any CPU.Build.0 = Release|Any CPU
		{5E448852-3B4D-406A-A721-362879F030D3}.Debug|Any CPU.ActiveCfg = Debug|Any CPU
		{5E448852-3B4D-406A-A721-362879F030D3}.Debug|Any CPU.Build.0 = Debug|Any CPU
		{5E448852-3B4D-406A-A721-362879F030D3}.Release|Any CPU.ActiveCfg = Release|Any CPU
		{5E448852-3B4D-406A-A721-362879F030D3}.Release|Any CPU.Build.0 = Release|Any CPU
		{7A86DB7C-D769-4F5B-B698-7DF01420BAE9}.Debug|Any CPU.ActiveCfg = Debug|Any CPU
		{7A86DB7C-D769-4F5B-B698-7DF01420BAE9}.Debug|Any CPU.Build.0 = Debug|Any CPU
		{7A86DB7C-D769-4F5B-B698-7DF01420BAE9}.Release|Any CPU.ActiveCfg = Release|Any CPU
		{7A86DB7C-D769-4F5B-B698-7DF01420BAE9}.Release|Any CPU.Build.0 = Release|Any CPU
		{ECD51EB9-F93F-451F-A822-597B02246C5A}.Debug|Any CPU.ActiveCfg = Debug|Any CPU
		{ECD51EB9-F93F-451F-A822-597B02246C5A}.Debug|Any CPU.Build.0 = Debug|Any CPU
		{ECD51EB9-F93F-451F-A822-597B02246C5A}.Release|Any CPU.ActiveCfg = Release|Any CPU
		{ECD51EB9-F93F-451F-A822-597B02246C5A}.Release|Any CPU.Build.0 = Release|Any CPU
		{B00B2114-D1DD-453A-8C78-72206532B3DD}.Debug|Any CPU.ActiveCfg = Debug|Any CPU
		{B00B2114-D1DD-453A-8C78-72206532B3DD}.Debug|Any CPU.Build.0 = Debug|Any CPU
		{B00B2114-D1DD-453A-8C78-72206532B3DD}.Release|Any CPU.ActiveCfg = Release|Any CPU
		{B00B2114-D1DD-453A-8C78-72206532B3DD}.Release|Any CPU.Build.0 = Release|Any CPU
		{E5BE1098-F073-4715-8229-2E22B698DC57}.Debug|Any CPU.ActiveCfg = Debug|Any CPU
		{E5BE1098-F073-4715-8229-2E22B698DC57}.Debug|Any CPU.Build.0 = Debug|Any CPU
		{E5BE1098-F073-4715-8229-2E22B698DC57}.Release|Any CPU.ActiveCfg = Release|Any CPU
		{E5BE1098-F073-4715-8229-2E22B698DC57}.Release|Any CPU.Build.0 = Release|Any CPU
		{8F89BE81-C1DB-4600-A6D1-C9706F665305}.Debug|Any CPU.ActiveCfg = Debug|Any CPU
		{8F89BE81-C1DB-4600-A6D1-C9706F665305}.Debug|Any CPU.Build.0 = Debug|Any CPU
		{8F89BE81-C1DB-4600-A6D1-C9706F665305}.Release|Any CPU.ActiveCfg = Release|Any CPU
		{8F89BE81-C1DB-4600-A6D1-C9706F665305}.Release|Any CPU.Build.0 = Release|Any CPU
		{3822C68C-4204-478C-9362-A6A6D7E8E01A}.Debug|Any CPU.ActiveCfg = Debug|Any CPU
		{3822C68C-4204-478C-9362-A6A6D7E8E01A}.Debug|Any CPU.Build.0 = Debug|Any CPU
		{3822C68C-4204-478C-9362-A6A6D7E8E01A}.Release|Any CPU.ActiveCfg = Release|Any CPU
		{3822C68C-4204-478C-9362-A6A6D7E8E01A}.Release|Any CPU.Build.0 = Release|Any CPU
		{1CC53AA3-03FD-47F8-B41F-1EA7BD530AF8}.Debug|Any CPU.ActiveCfg = Debug|Any CPU
		{1CC53AA3-03FD-47F8-B41F-1EA7BD530AF8}.Debug|Any CPU.Build.0 = Debug|Any CPU
		{1CC53AA3-03FD-47F8-B41F-1EA7BD530AF8}.Release|Any CPU.ActiveCfg = Release|Any CPU
		{1CC53AA3-03FD-47F8-B41F-1EA7BD530AF8}.Release|Any CPU.Build.0 = Release|Any CPU
		{54B08E8F-2529-4538-98E9-787E7CF56DDC}.Debug|Any CPU.ActiveCfg = Debug|Any CPU
		{54B08E8F-2529-4538-98E9-787E7CF56DDC}.Debug|Any CPU.Build.0 = Debug|Any CPU
		{54B08E8F-2529-4538-98E9-787E7CF56DDC}.Release|Any CPU.ActiveCfg = Release|Any CPU
		{54B08E8F-2529-4538-98E9-787E7CF56DDC}.Release|Any CPU.Build.0 = Release|Any CPU
		{337EE9C6-E9C3-4B4C-8351-9F307B7E076F}.Debug|Any CPU.ActiveCfg = Debug|Any CPU
		{337EE9C6-E9C3-4B4C-8351-9F307B7E076F}.Debug|Any CPU.Build.0 = Debug|Any CPU
		{337EE9C6-E9C3-4B4C-8351-9F307B7E076F}.Release|Any CPU.ActiveCfg = Release|Any CPU
		{337EE9C6-E9C3-4B4C-8351-9F307B7E076F}.Release|Any CPU.Build.0 = Release|Any CPU
		{A6C5B4CA-6F5B-402F-AE43-2716DDD62844}.Debug|Any CPU.ActiveCfg = Debug|Any CPU
		{A6C5B4CA-6F5B-402F-AE43-2716DDD62844}.Debug|Any CPU.Build.0 = Debug|Any CPU
		{A6C5B4CA-6F5B-402F-AE43-2716DDD62844}.Release|Any CPU.ActiveCfg = Release|Any CPU
		{A6C5B4CA-6F5B-402F-AE43-2716DDD62844}.Release|Any CPU.Build.0 = Release|Any CPU
		{1D9EA1CD-2A0E-4F98-A56B-F81750AD80EE}.Debug|Any CPU.ActiveCfg = Debug|Any CPU
		{1D9EA1CD-2A0E-4F98-A56B-F81750AD80EE}.Debug|Any CPU.Build.0 = Debug|Any CPU
		{1D9EA1CD-2A0E-4F98-A56B-F81750AD80EE}.Release|Any CPU.ActiveCfg = Release|Any CPU
		{1D9EA1CD-2A0E-4F98-A56B-F81750AD80EE}.Release|Any CPU.Build.0 = Release|Any CPU
		{22E70E3D-9FC1-4BB4-8D3B-2B4E3F4B8CD7}.Debug|Any CPU.ActiveCfg = Debug|Any CPU
		{22E70E3D-9FC1-4BB4-8D3B-2B4E3F4B8CD7}.Debug|Any CPU.Build.0 = Debug|Any CPU
		{22E70E3D-9FC1-4BB4-8D3B-2B4E3F4B8CD7}.Release|Any CPU.ActiveCfg = Release|Any CPU
		{22E70E3D-9FC1-4BB4-8D3B-2B4E3F4B8CD7}.Release|Any CPU.Build.0 = Release|Any CPU
		{26E53FFD-5060-4305-AD1F-DD6D2DF40FAC}.Debug|Any CPU.ActiveCfg = Debug|Any CPU
		{26E53FFD-5060-4305-AD1F-DD6D2DF40FAC}.Debug|Any CPU.Build.0 = Debug|Any CPU
		{26E53FFD-5060-4305-AD1F-DD6D2DF40FAC}.Release|Any CPU.ActiveCfg = Release|Any CPU
		{26E53FFD-5060-4305-AD1F-DD6D2DF40FAC}.Release|Any CPU.Build.0 = Release|Any CPU
		{4E6C8A0D-5B49-4EDF-9888-A6E1B2587423}.Debug|Any CPU.ActiveCfg = Debug|Any CPU
		{4E6C8A0D-5B49-4EDF-9888-A6E1B2587423}.Debug|Any CPU.Build.0 = Debug|Any CPU
		{4E6C8A0D-5B49-4EDF-9888-A6E1B2587423}.Release|Any CPU.ActiveCfg = Release|Any CPU
		{4E6C8A0D-5B49-4EDF-9888-A6E1B2587423}.Release|Any CPU.Build.0 = Release|Any CPU
	EndGlobalSection
	GlobalSection(SolutionProperties) = preSolution
		HideSolutionNode = FALSE
	EndGlobalSection
	GlobalSection(NestedProjects) = preSolution
		{FFF0581E-30FA-49C6-BD9E-997C5A4D8FBF} = {C0D1DBF6-EB64-4A5E-B799-73BB8C69BC94}
		{8BF1F333-3A25-4605-A5F7-7C2D5BB2A181} = {C0D1DBF6-EB64-4A5E-B799-73BB8C69BC94}
		{C35101FC-4746-41C8-AA10-5FAD39380B4A} = {C0D1DBF6-EB64-4A5E-B799-73BB8C69BC94}
		{4F5CD923-6F57-4DC0-80A6-CD8C69C823DD} = {C35101FC-4746-41C8-AA10-5FAD39380B4A}
		{862BB091-E7B4-427E-97B2-D89AE0A7161F} = {C35101FC-4746-41C8-AA10-5FAD39380B4A}
		{48D7C362-DEBC-4340-94CA-C07FC088D459} = {C35101FC-4746-41C8-AA10-5FAD39380B4A}
		{155AEAB2-E915-4765-BEA1-A8631976B845} = {8BF1F333-3A25-4605-A5F7-7C2D5BB2A181}
		{1DB849C8-901F-4ACD-9F35-CE0AAADF4EA8} = {48D7C362-DEBC-4340-94CA-C07FC088D459}
		{5E448852-3B4D-406A-A721-362879F030D3} = {FFF0581E-30FA-49C6-BD9E-997C5A4D8FBF}
		{7A86DB7C-D769-4F5B-B698-7DF01420BAE9} = {48D7C362-DEBC-4340-94CA-C07FC088D459}
		{ECD51EB9-F93F-451F-A822-597B02246C5A} = {48D7C362-DEBC-4340-94CA-C07FC088D459}
		{B00B2114-D1DD-453A-8C78-72206532B3DD} = {4F5CD923-6F57-4DC0-80A6-CD8C69C823DD}
		{E5BE1098-F073-4715-8229-2E22B698DC57} = {4F5CD923-6F57-4DC0-80A6-CD8C69C823DD}
		{8F89BE81-C1DB-4600-A6D1-C9706F665305} = {4F5CD923-6F57-4DC0-80A6-CD8C69C823DD}
		{3822C68C-4204-478C-9362-A6A6D7E8E01A} = {862BB091-E7B4-427E-97B2-D89AE0A7161F}
		{1CC53AA3-03FD-47F8-B41F-1EA7BD530AF8} = {862BB091-E7B4-427E-97B2-D89AE0A7161F}
		{54B08E8F-2529-4538-98E9-787E7CF56DDC} = {862BB091-E7B4-427E-97B2-D89AE0A7161F}
		{337EE9C6-E9C3-4B4C-8351-9F307B7E076F} = {4F5CD923-6F57-4DC0-80A6-CD8C69C823DD}
		{A6C5B4CA-6F5B-402F-AE43-2716DDD62844} = {862BB091-E7B4-427E-97B2-D89AE0A7161F}
		{1D9EA1CD-2A0E-4F98-A56B-F81750AD80EE} = {862BB091-E7B4-427E-97B2-D89AE0A7161F}
		{22E70E3D-9FC1-4BB4-8D3B-2B4E3F4B8CD7} = {4F5CD923-6F57-4DC0-80A6-CD8C69C823DD}
		{26E53FFD-5060-4305-AD1F-DD6D2DF40FAC} = {48D7C362-DEBC-4340-94CA-C07FC088D459}
		{4E6C8A0D-5B49-4EDF-9888-A6E1B2587423} = {48D7C362-DEBC-4340-94CA-C07FC088D459}
	EndGlobalSection
	GlobalSection(ExtensibilityGlobals) = postSolution
		SolutionGuid = {953007A2-FCCF-4B2D-B6F8-81EC91825191}
	EndGlobalSection
EndGlobal
